// !$*UTF8*$!
{
	archiveVersion = 1;
	classes = {
	};
	objectVersion = 56;
	objects = {

/* Begin PBXBuildFile section */
		C49173832AF4BEC300055C37 /* SwiftUIAsyncAwaitApp.swift in Sources */ = {isa = PBXBuildFile; fileRef = C49173822AF4BEC300055C37 /* SwiftUIAsyncAwaitApp.swift */; };
		C49173852AF4BEC300055C37 /* ContentView.swift in Sources */ = {isa = PBXBuildFile; fileRef = C49173842AF4BEC300055C37 /* ContentView.swift */; };
		C49173872AF4BEC500055C37 /* Assets.xcassets in Resources */ = {isa = PBXBuildFile; fileRef = C49173862AF4BEC500055C37 /* Assets.xcassets */; };
		C491738A2AF4BEC500055C37 /* Preview Assets.xcassets in Resources */ = {isa = PBXBuildFile; fileRef = C49173892AF4BEC500055C37 /* Preview Assets.xcassets */; };
		C49173912AF4BEFF00055C37 /* DataLoaderView.swift in Sources */ = {isa = PBXBuildFile; fileRef = C49173902AF4BEFF00055C37 /* DataLoaderView.swift */; };
		C49173932AF630F200055C37 /* DataLoader.swift in Sources */ = {isa = PBXBuildFile; fileRef = C49173922AF630F200055C37 /* DataLoader.swift */; };
		CE8319292D1C3D12006C787B /* ImageLoader.swift in Sources */ = {isa = PBXBuildFile; fileRef = CE8319282D1C3D12006C787B /* ImageLoader.swift */; };
		CE83192B2D1C43C9006C787B /* ImageLoaderView.swift in Sources */ = {isa = PBXBuildFile; fileRef = CE83192A2D1C43C9006C787B /* ImageLoaderView.swift */; };
/* End PBXBuildFile section */

/* Begin PBXFileReference section */
		C491737F2AF4BEC300055C37 /* SwiftUIAsyncAwait.app */ = {isa = PBXFileReference; explicitFileType = wrapper.application; includeInIndex = 0; path = SwiftUIAsyncAwait.app; sourceTree = BUILT_PRODUCTS_DIR; };
		C49173822AF4BEC300055C37 /* SwiftUIAsyncAwaitApp.swift */ = {isa = PBXFileReference; lastKnownFileType = sourcecode.swift; path = SwiftUIAsyncAwaitApp.swift; sourceTree = "<group>"; };
		C49173842AF4BEC300055C37 /* ContentView.swift */ = {isa = PBXFileReference; lastKnownFileType = sourcecode.swift; path = ContentView.swift; sourceTree = "<group>"; };
		C49173862AF4BEC500055C37 /* Assets.xcassets */ = {isa = PBXFileReference; lastKnownFileType = folder.assetcatalog; path = Assets.xcassets; sourceTree = "<group>"; };
		C49173892AF4BEC500055C37 /* Preview Assets.xcassets */ = {isa = PBXFileReference; lastKnownFileType = folder.assetcatalog; path = "Preview Assets.xcassets"; sourceTree = "<group>"; };
		C49173902AF4BEFF00055C37 /* DataLoaderView.swift */ = {isa = PBXFileReference; lastKnownFileType = sourcecode.swift; path = DataLoaderView.swift; sourceTree = "<group>"; };
		C49173922AF630F200055C37 /* DataLoader.swift */ = {isa = PBXFileReference; lastKnownFileType = sourcecode.swift; path = DataLoader.swift; sourceTree = "<group>"; };
		CE8319282D1C3D12006C787B /* ImageLoader.swift */ = {isa = PBXFileReference; lastKnownFileType = sourcecode.swift; path = ImageLoader.swift; sourceTree = "<group>"; };
		CE83192A2D1C43C9006C787B /* ImageLoaderView.swift */ = {isa = PBXFileReference; lastKnownFileType = sourcecode.swift; path = ImageLoaderView.swift; sourceTree = "<group>"; };
/* End PBXFileReference section */

/* Begin PBXFrameworksBuildPhase section */
		C491737C2AF4BEC300055C37 /* Frameworks */ = {
			isa = PBXFrameworksBuildPhase;
			buildActionMask = 2147483647;
			files = (
			);
			runOnlyForDeploymentPostprocessing = 0;
		};
/* End PBXFrameworksBuildPhase section */

/* Begin PBXGroup section */
		C49173762AF4BEC300055C37 = {
			isa = PBXGroup;
			children = (
				C49173812AF4BEC300055C37 /* SwiftUIAsyncAwait */,
				C49173802AF4BEC300055C37 /* Products */,
			);
			sourceTree = "<group>";
		};
		C49173802AF4BEC300055C37 /* Products */ = {
			isa = PBXGroup;
			children = (
				C491737F2AF4BEC300055C37 /* SwiftUIAsyncAwait.app */,
			);
			name = Products;
			sourceTree = "<group>";
		};
		C49173812AF4BEC300055C37 /* SwiftUIAsyncAwait */ = {
			isa = PBXGroup;
			children = (
				CE8319272D1C3CE6006C787B /* PaulHudsonLessons */,
				C49173822AF4BEC300055C37 /* SwiftUIAsyncAwaitApp.swift */,
				C49173842AF4BEC300055C37 /* ContentView.swift */,
				C49173902AF4BEFF00055C37 /* DataLoaderView.swift */,
				C49173922AF630F200055C37 /* DataLoader.swift */,
				C49173862AF4BEC500055C37 /* Assets.xcassets */,
				C49173882AF4BEC500055C37 /* Preview Content */,
			);
			path = SwiftUIAsyncAwait;
			sourceTree = "<group>";
		};
		C49173882AF4BEC500055C37 /* Preview Content */ = {
			isa = PBXGroup;
			children = (
				C49173892AF4BEC500055C37 /* Preview Assets.xcassets */,
			);
			path = "Preview Content";
			sourceTree = "<group>";
		};
		CE8319272D1C3CE6006C787B /* PaulHudsonLessons */ = {
			isa = PBXGroup;
			children = (
				CE8319282D1C3D12006C787B /* ImageLoader.swift */,
				CE83192A2D1C43C9006C787B /* ImageLoaderView.swift */,
			);
			path = PaulHudsonLessons;
			sourceTree = "<group>";
		};
/* End PBXGroup section */

/* Begin PBXNativeTarget section */
		C491737E2AF4BEC300055C37 /* SwiftUIAsyncAwait */ = {
			isa = PBXNativeTarget;
			buildConfigurationList = C491738D2AF4BEC500055C37 /* Build configuration list for PBXNativeTarget "SwiftUIAsyncAwait" */;
			buildPhases = (
				C491737B2AF4BEC300055C37 /* Sources */,
				C491737C2AF4BEC300055C37 /* Frameworks */,
				C491737D2AF4BEC300055C37 /* Resources */,
			);
			buildRules = (
			);
			dependencies = (
			);
			name = SwiftUIAsyncAwait;
			productName = SwiftUIAsyncAwait;
			productReference = C491737F2AF4BEC300055C37 /* SwiftUIAsyncAwait.app */;
			productType = "com.apple.product-type.application";
		};
/* End PBXNativeTarget section */

/* Begin PBXProject section */
		C49173772AF4BEC300055C37 /* Project object */ = {
			isa = PBXProject;
			attributes = {
				BuildIndependentTargetsInParallel = 1;
				LastSwiftUpdateCheck = 1430;
				LastUpgradeCheck = 1430;
				TargetAttributes = {
					C491737E2AF4BEC300055C37 = {
						CreatedOnToolsVersion = 14.3.1;
					};
				};
			};
			buildConfigurationList = C491737A2AF4BEC300055C37 /* Build configuration list for PBXProject "SwiftUIAsyncAwait" */;
			compatibilityVersion = "Xcode 14.0";
			developmentRegion = en;
			hasScannedForEncodings = 0;
			knownRegions = (
				en,
				Base,
			);
			mainGroup = C49173762AF4BEC300055C37;
			productRefGroup = C49173802AF4BEC300055C37 /* Products */;
			projectDirPath = "";
			projectRoot = "";
			targets = (
				C491737E2AF4BEC300055C37 /* SwiftUIAsyncAwait */,
			);
		};
/* End PBXProject section */

/* Begin PBXResourcesBuildPhase section */
		C491737D2AF4BEC300055C37 /* Resources */ = {
			isa = PBXResourcesBuildPhase;
			buildActionMask = 2147483647;
			files = (
				C491738A2AF4BEC500055C37 /* Preview Assets.xcassets in Resources */,
				C49173872AF4BEC500055C37 /* Assets.xcassets in Resources */,
			);
			runOnlyForDeploymentPostprocessing = 0;
		};
/* End PBXResourcesBuildPhase section */

/* Begin PBXSourcesBuildPhase section */
		C491737B2AF4BEC300055C37 /* Sources */ = {
			isa = PBXSourcesBuildPhase;
			buildActionMask = 2147483647;
			files = (
				C49173932AF630F200055C37 /* DataLoader.swift in Sources */,
				C49173852AF4BEC300055C37 /* ContentView.swift in Sources */,
				C49173832AF4BEC300055C37 /* SwiftUIAsyncAwaitApp.swift in Sources */,
				CE83192B2D1C43C9006C787B /* ImageLoaderView.swift in Sources */,
				C49173912AF4BEFF00055C37 /* DataLoaderView.swift in Sources */,
				CE8319292D1C3D12006C787B /* ImageLoader.swift in Sources */,
			);
			runOnlyForDeploymentPostprocessing = 0;
		};
/* End PBXSourcesBuildPhase section */

/* Begin XCBuildConfiguration section */
		C491738B2AF4BEC500055C37 /* Debug */ = {
			isa = XCBuildConfiguration;
			buildSettings = {
				ALWAYS_SEARCH_USER_PATHS = NO;
				CLANG_ANALYZER_NONNULL = YES;
				CLANG_ANALYZER_NUMBER_OBJECT_CONVERSION = YES_AGGRESSIVE;
				CLANG_CXX_LANGUAGE_STANDARD = "gnu++20";
				CLANG_ENABLE_MODULES = YES;
				CLANG_ENABLE_OBJC_ARC = YES;
				CLANG_ENABLE_OBJC_WEAK = YES;
				CLANG_WARN_BLOCK_CAPTURE_AUTORELEASING = YES;
				CLANG_WARN_BOOL_CONVERSION = YES;
				CLANG_WARN_COMMA = YES;
				CLANG_WARN_CONSTANT_CONVERSION = YES;
				CLANG_WARN_DEPRECATED_OBJC_IMPLEMENTATIONS = YES;
				CLANG_WARN_DIRECT_OBJC_ISA_USAGE = YES_ERROR;
				CLANG_WARN_DOCUMENTATION_COMMENTS = YES;
				CLANG_WARN_EMPTY_BODY = YES;
				CLANG_WARN_ENUM_CONVERSION = YES;
				CLANG_WARN_INFINITE_RECURSION = YES;
				CLANG_WARN_INT_CONVERSION = YES;
				CLANG_WARN_NON_LITERAL_NULL_CONVERSION = YES;
				CLANG_WARN_OBJC_IMPLICIT_RETAIN_SELF = YES;
				CLANG_WARN_OBJC_LITERAL_CONVERSION = YES;
				CLANG_WARN_OBJC_ROOT_CLASS = YES_ERROR;
				CLANG_WARN_QUOTED_INCLUDE_IN_FRAMEWORK_HEADER = YES;
				CLANG_WARN_RANGE_LOOP_ANALYSIS = YES;
				CLANG_WARN_STRICT_PROTOTYPES = YES;
				CLANG_WARN_SUSPICIOUS_MOVE = YES;
				CLANG_WARN_UNGUARDED_AVAILABILITY = YES_AGGRESSIVE;
				CLANG_WARN_UNREACHABLE_CODE = YES;
				CLANG_WARN__DUPLICATE_METHOD_MATCH = YES;
				COPY_PHASE_STRIP = NO;
				DEBUG_INFORMATION_FORMAT = dwarf;
				ENABLE_STRICT_OBJC_MSGSEND = YES;
				ENABLE_TESTABILITY = YES;
				GCC_C_LANGUAGE_STANDARD = gnu11;
				GCC_DYNAMIC_NO_PIC = NO;
				GCC_NO_COMMON_BLOCKS = YES;
				GCC_OPTIMIZATION_LEVEL = 0;
				GCC_PREPROCESSOR_DEFINITIONS = (
					"DEBUG=1",
					"$(inherited)",
				);
				GCC_WARN_64_TO_32_BIT_CONVERSION = YES;
				GCC_WARN_ABOUT_RETURN_TYPE = YES_ERROR;
				GCC_WARN_UNDECLARED_SELECTOR = YES;
				GCC_WARN_UNINITIALIZED_AUTOS = YES_AGGRESSIVE;
				GCC_WARN_UNUSED_FUNCTION = YES;
				GCC_WARN_UNUSED_VARIABLE = YES;
				IPHONEOS_DEPLOYMENT_TARGET = 16.4;
				MTL_ENABLE_DEBUG_INFO = INCLUDE_SOURCE;
				MTL_FAST_MATH = YES;
				ONLY_ACTIVE_ARCH = YES;
				SDKROOT = iphoneos;
				SWIFT_ACTIVE_COMPILATION_CONDITIONS = DEBUG;
				SWIFT_OPTIMIZATION_LEVEL = "-Onone";
			};
			name = Debug;
		};
		C491738C2AF4BEC500055C37 /* Release */ = {
			isa = XCBuildConfiguration;
			buildSettings = {
				ALWAYS_SEARCH_USER_PATHS = NO;
				CLANG_ANALYZER_NONNULL = YES;
				CLANG_ANALYZER_NUMBER_OBJECT_CONVERSION = YES_AGGRESSIVE;
				CLANG_CXX_LANGUAGE_STANDARD = "gnu++20";
				CLANG_ENABLE_MODULES = YES;
				CLANG_ENABLE_OBJC_ARC = YES;
				CLANG_ENABLE_OBJC_WEAK = YES;
				CLANG_WARN_BLOCK_CAPTURE_AUTORELEASING = YES;
				CLANG_WARN_BOOL_CONVERSION = YES;
				CLANG_WARN_COMMA = YES;
				CLANG_WARN_CONSTANT_CONVERSION = YES;
				CLANG_WARN_DEPRECATED_OBJC_IMPLEMENTATIONS = YES;
				CLANG_WARN_DIRECT_OBJC_ISA_USAGE = YES_ERROR;
				CLANG_WARN_DOCUMENTATION_COMMENTS = YES;
				CLANG_WARN_EMPTY_BODY = YES;
				CLANG_WARN_ENUM_CONVERSION = YES;
				CLANG_WARN_INFINITE_RECURSION = YES;
				CLANG_WARN_INT_CONVERSION = YES;
				CLANG_WARN_NON_LITERAL_NULL_CONVERSION = YES;
				CLANG_WARN_OBJC_IMPLICIT_RETAIN_SELF = YES;
				CLANG_WARN_OBJC_LITERAL_CONVERSION = YES;
				CLANG_WARN_OBJC_ROOT_CLASS = YES_ERROR;
				CLANG_WARN_QUOTED_INCLUDE_IN_FRAMEWORK_HEADER = YES;
				CLANG_WARN_RANGE_LOOP_ANALYSIS = YES;
				CLANG_WARN_STRICT_PROTOTYPES = YES;
				CLANG_WARN_SUSPICIOUS_MOVE = YES;
				CLANG_WARN_UNGUARDED_AVAILABILITY = YES_AGGRESSIVE;
				CLANG_WARN_UNREACHABLE_CODE = YES;
				CLANG_WARN__DUPLICATE_METHOD_MATCH = YES;
				COPY_PHASE_STRIP = NO;
				DEBUG_INFORMATION_FORMAT = "dwarf-with-dsym";
				ENABLE_NS_ASSERTIONS = NO;
				ENABLE_STRICT_OBJC_MSGSEND = YES;
				GCC_C_LANGUAGE_STANDARD = gnu11;
				GCC_NO_COMMON_BLOCKS = YES;
				GCC_WARN_64_TO_32_BIT_CONVERSION = YES;
				GCC_WARN_ABOUT_RETURN_TYPE = YES_ERROR;
				GCC_WARN_UNDECLARED_SELECTOR = YES;
				GCC_WARN_UNINITIALIZED_AUTOS = YES_AGGRESSIVE;
				GCC_WARN_UNUSED_FUNCTION = YES;
				GCC_WARN_UNUSED_VARIABLE = YES;
				IPHONEOS_DEPLOYMENT_TARGET = 16.4;
				MTL_ENABLE_DEBUG_INFO = NO;
				MTL_FAST_MATH = YES;
				SDKROOT = iphoneos;
				SWIFT_COMPILATION_MODE = wholemodule;
				SWIFT_OPTIMIZATION_LEVEL = "-O";
				VALIDATE_PRODUCT = YES;
			};
			name = Release;
		};
		C491738E2AF4BEC500055C37 /* Debug */ = {
			isa = XCBuildConfiguration;
			buildSettings = {
				ASSETCATALOG_COMPILER_APPICON_NAME = AppIcon;
				ASSETCATALOG_COMPILER_GLOBAL_ACCENT_COLOR_NAME = AccentColor;
				CODE_SIGN_STYLE = Automatic;
				CURRENT_PROJECT_VERSION = 1;
				DEVELOPMENT_ASSET_PATHS = "\"SwiftUIAsyncAwait/Preview Content\"";
				DEVELOPMENT_TEAM = 2X2VGHTNU5;
				ENABLE_PREVIEWS = YES;
				GENERATE_INFOPLIST_FILE = YES;
				INFOPLIST_KEY_UIApplicationSceneManifest_Generation = YES;
				INFOPLIST_KEY_UIApplicationSupportsIndirectInputEvents = YES;
				INFOPLIST_KEY_UILaunchScreen_Generation = YES;
				INFOPLIST_KEY_UISupportedInterfaceOrientations_iPad = "UIInterfaceOrientationPortrait UIInterfaceOrientationPortraitUpsideDown UIInterfaceOrientationLandscapeLeft UIInterfaceOrientationLandscapeRight";
				INFOPLIST_KEY_UISupportedInterfaceOrientations_iPhone = "UIInterfaceOrientationPortrait UIInterfaceOrientationLandscapeLeft UIInterfaceOrientationLandscapeRight";
				IPHONEOS_DEPLOYMENT_TARGET = 17.6;
				LD_RUNPATH_SEARCH_PATHS = (
					"$(inherited)",
					"@executable_path/Frameworks",
				);
				MARKETING_VERSION = 1.0;
				PRODUCT_BUNDLE_IDENTIFIER = ru.flat112.SwiftUIAsyncAwait;
				PRODUCT_NAME = "$(TARGET_NAME)";
				SWIFT_EMIT_LOC_STRINGS = YES;
				SWIFT_VERSION = 5.0;
				TARGETED_DEVICE_FAMILY = "1,2";
			};
			name = Debug;
		};
		C491738F2AF4BEC500055C37 /* Release */ = {
			isa = XCBuildConfiguration;
			buildSettings = {
				ASSETCATALOG_COMPILER_APPICON_NAME = AppIcon;
				ASSETCATALOG_COMPILER_GLOBAL_ACCENT_COLOR_NAME = AccentColor;
				CODE_SIGN_STYLE = Automatic;
				CURRENT_PROJECT_VERSION = 1;
				DEVELOPMENT_ASSET_PATHS = "\"SwiftUIAsyncAwait/Preview Content\"";
				DEVELOPMENT_TEAM = 2X2VGHTNU5;
				ENABLE_PREVIEWS = YES;
				GENERATE_INFOPLIST_FILE = YES;
				INFOPLIST_KEY_UIApplicationSceneManifest_Generation = YES;
				INFOPLIST_KEY_UIApplicationSupportsIndirectInputEvents = YES;
				INFOPLIST_KEY_UILaunchScreen_Generation = YES;
				INFOPLIST_KEY_UISupportedInterfaceOrientations_iPad = "UIInterfaceOrientationPortrait UIInterfaceOrientationPortraitUpsideDown UIInterfaceOrientationLandscapeLeft UIInterfaceOrientationLandscapeRight";
				INFOPLIST_KEY_UISupportedInterfaceOrientations_iPhone = "UIInterfaceOrientationPortrait UIInterfaceOrientationLandscapeLeft UIInterfaceOrientationLandscapeRight";
				IPHONEOS_DEPLOYMENT_TARGET = 17.6;
				LD_RUNPATH_SEARCH_PATHS = (
					"$(inherited)",
					"@executable_path/Frameworks",
				);
				MARKETING_VERSION = 1.0;
				PRODUCT_BUNDLE_IDENTIFIER = ru.flat112.SwiftUIAsyncAwait;
				PRODUCT_NAME = "$(TARGET_NAME)";
				SWIFT_EMIT_LOC_STRINGS = YES;
				SWIFT_VERSION = 5.0;
				TARGETED_DEVICE_FAMILY = "1,2";
			};
			name = Release;
		};
/* End XCBuildConfiguration section */

/* Begin XCConfigurationList section */
		C491737A2AF4BEC300055C37 /* Build configuration list for PBXProject "SwiftUIAsyncAwait" */ = {
			isa = XCConfigurationList;
			buildConfigurations = (
				C491738B2AF4BEC500055C37 /* Debug */,
				C491738C2AF4BEC500055C37 /* Release */,
			);
			defaultConfigurationIsVisible = 0;
			defaultConfigurationName = Release;
		};
		C491738D2AF4BEC500055C37 /* Build configuration list for PBXNativeTarget "SwiftUIAsyncAwait" */ = {
			isa = XCConfigurationList;
			buildConfigurations = (
				C491738E2AF4BEC500055C37 /* Debug */,
				C491738F2AF4BEC500055C37 /* Release */,
			);
			defaultConfigurationIsVisible = 0;
			defaultConfigurationName = Release;
		};
/* End XCConfigurationList section */
	};
	rootObject = C49173772AF4BEC300055C37 /* Project object */;
}
